
Microsoft Visual Studio Solution File, Format Version 12.00
# Visual Studio Version 17
VisualStudioVersion = 17.6.33829.357
MinimumVisualStudioVersion = 10.0.40219.1
Project("{9A19103F-16F7-4668-BE54-9A1E7A4F7556}") = "alkemyUmsaFront", "alkemyUmsaFront\alkemyUmsaFront.csproj", "{714FC16F-799F-4BCE-8512-378339BFE3E2}"
	ProjectSection(ProjectDependencies) = postProject
		{74AB32C3-1807-420B-9752-5D8CEC1A9874} = {74AB32C3-1807-420B-9752-5D8CEC1A9874}
	EndProjectSection
EndProject
Project("{9A19103F-16F7-4668-BE54-9A1E7A4F7556}") = "Data", "Data\Data.csproj", "{74AB32C3-1807-420B-9752-5D8CEC1A9874}"
EndProject
Global
	GlobalSection(SolutionConfigurationPlatforms) = preSolution
		Debug|Any CPU = Debug|Any CPU
		Release|Any CPU = Release|Any CPU
	EndGlobalSection
	GlobalSection(ProjectConfigurationPlatforms) = postSolution
		{714FC16F-799F-4BCE-8512-378339BFE3E2}.Debug|Any CPU.ActiveCfg = Debug|Any CPU
		{714FC16F-799F-4BCE-8512-378339BFE3E2}.Debug|Any CPU.Build.0 = Debug|Any CPU
		{714FC16F-799F-4BCE-8512-378339BFE3E2}.Release|Any CPU.ActiveCfg = Release|Any CPU
		{714FC16F-799F-4BCE-8512-378339BFE3E2}.Release|Any CPU.Build.0 = Release|Any CPU
		{74AB32C3-1807-420B-9752-5D8CEC1A9874}.Debug|Any CPU.ActiveCfg = Debug|Any CPU
		{74AB32C3-1807-420B-9752-5D8CEC1A9874}.Debug|Any CPU.Build.0 = Debug|Any CPU
		{74AB32C3-1807-420B-9752-5D8CEC1A9874}.Release|Any CPU.ActiveCfg = Release|Any CPU
		{74AB32C3-1807-420B-9752-5D8CEC1A9874}.Release|Any CPU.Build.0 = Release|Any CPU
	EndGlobalSection
	GlobalSection(SolutionProperties) = preSolution
		HideSolutionNode = FALSE
	EndGlobalSection
	GlobalSection(ExtensibilityGlobals) = postSolution
		SolutionGuid = {D482C4E5-4BF4-4247-949D-40DD778DA433}
	EndGlobalSection
EndGlobal
